
Microsoft Visual Studio Solution File, Format Version 12.00
# Visual Studio Version 16
VisualStudioVersion = 16.0.32630.194
MinimumVisualStudioVersion = 10.0.40219.1
Project("{9A19103F-16F7-4668-BE54-9A1E7A4F7556}") = "Module_2", "Module_2\Module_2.csproj", "{6B52246F-DB3D-448F-AC3E-44B33A75D100}"
EndProject
Project("{9A19103F-16F7-4668-BE54-9A1E7A4F7556}") = "Module_3", "Module_3\Module_3.csproj", "{5133EF55-820C-4EA5-8D76-FA6985780B9E}"
EndProject
Project("{2150E333-8FDC-42A3-9474-1A3956D46DE8}") = "Module_4", "Module_4", "{CFF0A7FD-6551-423D-A26A-F6F327CAB0B5}"
EndProject
Project("{2150E333-8FDC-42A3-9474-1A3956D46DE8}") = "Learning_Activity_1", "Learning_Activity_1", "{A0B6F6EB-7C33-4958-AAA7-BF3E0149328C}"
EndProject
Project("{9A19103F-16F7-4668-BE54-9A1E7A4F7556}") = "Module_1", "Module_1\Module_1.csproj", "{EC144803-BCBC-41F5-8E54-446111B8C95E}"
EndProject
Project("{2150E333-8FDC-42A3-9474-1A3956D46DE8}") = "Learning_Activity_2", "Learning_Activity_2", "{20CD2907-6504-4420-AFFB-A0EC8542EC4A}"
EndProject
Project("{2150E333-8FDC-42A3-9474-1A3956D46DE8}") = "Learning_Activity_3", "Learning_Activity_3", "{CFF9B1B0-80CC-4D41-9E5A-2D5817362092}"
EndProject
Project("{2150E333-8FDC-42A3-9474-1A3956D46DE8}") = "Learning_Activity_4", "Learning_Activity_4", "{6AD457F8-DAA0-4840-BD07-AA179F36A62E}"
EndProject
Project("{2150E333-8FDC-42A3-9474-1A3956D46DE8}") = "Module_5", "Module_5", "{18ED4093-2C62-4AAF-A7D5-721A8F4AD7E4}"
EndProject
Project("{2150E333-8FDC-42A3-9474-1A3956D46DE8}") = "Learning_Activity_1", "Learning_Activity_1", "{69C956A6-4A09-4F6B-B395-51931A90BF08}"
EndProject
Project("{9A19103F-16F7-4668-BE54-9A1E7A4F7556}") = "Exercise_1", "Module_5\Learning_Activity_1\Exercise_1\Exercise_1.csproj", "{D8166938-6C68-4AF9-9333-4341ACACCFAB}"
EndProject
Project("{9A19103F-16F7-4668-BE54-9A1E7A4F7556}") = "Exercise_2", "Module_5\Learning_Activity_1\Exercise_2\Exercise_2.csproj", "{B17F2157-871E-4101-A249-8E3828E46F37}"
EndProject
Project("{2150E333-8FDC-42A3-9474-1A3956D46DE8}") = "Learning_Activity_2", "Learning_Activity_2", "{27009C0C-0900-4532-9D18-36B6448A4C46}"
EndProject
Project("{9A19103F-16F7-4668-BE54-9A1E7A4F7556}") = "Exercise_1", "Module_5\Learning_Activity_2\Exercise_1\Exercise_1.csproj", "{B26E9102-1A49-4B56-96E7-36D312B42B7E}"
EndProject
Project("{9A19103F-16F7-4668-BE54-9A1E7A4F7556}") = "Exercise_1", "Module_4\Learning_Activity_1\Exercise_1\Exercise_1.csproj", "{5E702BE3-371D-4A14-B546-79C9CA08A7FB}"
EndProject
Project("{9A19103F-16F7-4668-BE54-9A1E7A4F7556}") = "Exercise_2", "Module_4\Learning_Activity_1\Exercise_2\Exercise_2.csproj", "{6EA6EA3A-6BE7-4870-89DE-7866AD990BF7}"
EndProject
Project("{9A19103F-16F7-4668-BE54-9A1E7A4F7556}") = "Exercise_1", "Module_4\Learning_Activity_2\Exercise_1\Exercise_1.csproj", "{AA6D36CA-8259-460D-B7BC-61C601223FF3}"
EndProject
Project("{9A19103F-16F7-4668-BE54-9A1E7A4F7556}") = "Exercise_1", "Module_4\Learning_Activity_3\Exercise_1\Exercise_1.csproj", "{E792335C-6CE8-41A5-AB06-5F5B81A6063B}"
EndProject
Project("{9A19103F-16F7-4668-BE54-9A1E7A4F7556}") = "Exercise_1", "Module_4\Learning_Activity_4\Exercise_1\Exercise_1.csproj", "{CC317381-75F6-42F6-9FA5-D11559E1F5D0}"
EndProject
Project("{2150E333-8FDC-42A3-9474-1A3956D46DE8}") = "Learning_Activity_3", "Learning_Activity_3", "{C95BA8E8-8EE6-4A2A-AAB7-57EAE72241D3}"
EndProject
Project("{9A19103F-16F7-4668-BE54-9A1E7A4F7556}") = "Exercise_1", "Module_5\Learning_Activity_3\Exercise_1\Exercise_1.csproj", "{478C95A9-BE64-4436-8EA3-C5DFC82F5378}"
EndProject
Project("{2150E333-8FDC-42A3-9474-1A3956D46DE8}") = "Learning_Activity_4", "Learning_Activity_4", "{29A4E057-7CBB-442F-8E5E-B40DD7204B30}"
EndProject
Project("{9A19103F-16F7-4668-BE54-9A1E7A4F7556}") = "Exercise_1", "Module_5\Learning_Activity_4\Exercise_1\Exercise_1.csproj", "{A1D7ADD3-DB2E-4DCE-822C-F74FCC0774F9}"
EndProject
Project("{2150E333-8FDC-42A3-9474-1A3956D46DE8}") = "Module_6", "Module_6", "{17B46DA0-3588-4878-98A3-3D84E2C25C65}"
EndProject
Project("{2150E333-8FDC-42A3-9474-1A3956D46DE8}") = "Learning_Activity_1", "Learning_Activity_1", "{FA1D98CA-8647-400A-A244-21060CC103F1}"
EndProject
Project("{9A19103F-16F7-4668-BE54-9A1E7A4F7556}") = "Exercise_1", "Module_6\Learning_Activity_1\Exercise_1\Exercise_1.csproj", "{D603721E-680D-429D-8669-1CFDF4400650}"
EndProject
Project("{2150E333-8FDC-42A3-9474-1A3956D46DE8}") = "Learning_Activity_2", "Learning_Activity_2", "{6E10D5E1-B63E-4028-8E40-3E1FADC0FAF9}"
EndProject
Project("{9A19103F-16F7-4668-BE54-9A1E7A4F7556}") = "Exercise_1", "Module_6\Learning_Activity_2\Exercise_1\Exercise_1.csproj", "{5C63CCDB-7F02-4053-B1B4-EF870DF640C0}"
EndProject
Project("{2150E333-8FDC-42A3-9474-1A3956D46DE8}") = "Learning_Activity_3", "Learning_Activity_3", "{D1F6B6AB-AE55-4EDF-B3A7-3DBC5011088A}"
EndProject
Project("{9A19103F-16F7-4668-BE54-9A1E7A4F7556}") = "Exercise_1", "Module_6\Learning_Activity_3\Exercise_1\Exercise_1.csproj", "{FDDCCEF9-E1A4-4678-BB8E-ACCB752D6342}"
EndProject
Project("{2150E333-8FDC-42A3-9474-1A3956D46DE8}") = "Login", "Login", "{C9F70178-8146-4F5F-B37C-D5D6023660EE}"
EndProject
Project("{9A19103F-16F7-4668-BE54-9A1E7A4F7556}") = "Program", "Login\Program\Program.csproj", "{9ECC64C0-6328-432B-A9C8-F609EB98EB3C}"
EndProject
Project("{9A19103F-16F7-4668-BE54-9A1E7A4F7556}") = "Test", "Test\Test.csproj", "{F9669CB0-4CC8-4384-ABFB-563818DD2F97}"
EndProject
Project("{2150E333-8FDC-42A3-9474-1A3956D46DE8}") = "Module_7", "Module_7", "{3E3F0CE8-CF28-43EB-8A2B-750CFE0A8E9A}"
EndProject
Project("{2150E333-8FDC-42A3-9474-1A3956D46DE8}") = "Learning_Activity_1", "Learning_Activity_1", "{DF338E75-614B-408E-B957-A3E9773DE8E1}"
EndProject
Project("{9A19103F-16F7-4668-BE54-9A1E7A4F7556}") = "Exercise_1", "Module_7\Learning_Activity_1\Exercise_1\Exercise_1.csproj", "{16230604-C88F-4EB8-85C6-F074CFC8934B}"
EndProject
Project("{2150E333-8FDC-42A3-9474-1A3956D46DE8}") = "Learning_Activity_2", "Learning_Activity_2", "{B9C7BD04-DAF9-40CF-AECB-FDE11E5362A4}"
EndProject
Project("{9A19103F-16F7-4668-BE54-9A1E7A4F7556}") = "Exercise_1", "Module_7\Learning_Activity_2\Exercise_1\Exercise_1.csproj", "{43A52D7C-86DA-4EA5-A891-45DFBAE70E8B}"
EndProject
Project("{2150E333-8FDC-42A3-9474-1A3956D46DE8}") = "Module_8", "Module_8", "{097D3B7B-385E-49D6-B053-5B059E962B23}"
EndProject
Project("{2150E333-8FDC-42A3-9474-1A3956D46DE8}") = "Learning_Activity_1", "Learning_Activity_1", "{46EA34D2-E0AA-4921-A2F9-BDED5613E5DE}"
EndProject
Project("{2150E333-8FDC-42A3-9474-1A3956D46DE8}") = "Learning_Activity_2", "Learning_Activity_2", "{1EF61E10-88C4-4E29-92D6-5E127D735ED2}"
EndProject
Project("{FAE04EC0-301F-11D3-BF4B-00C04F79EFBC}") = "Exercise_1", "Module_8\Learning_Activity_2\Exercise_1\Exercise_1.csproj", "{02AFA35F-D4B7-4979-987A-BB8B1B86292D}"
EndProject
Project("{FAE04EC0-301F-11D3-BF4B-00C04F79EFBC}") = "Exercise_2", "Module_8\Learning_Activity_2\Exercise_2\Exercise_2.csproj", "{FBD31E02-9C1C-41E0-8DC7-720A3AF36FEE}"
EndProject
Global
	GlobalSection(SolutionConfigurationPlatforms) = preSolution
		Debug|Any CPU = Debug|Any CPU
		Release|Any CPU = Release|Any CPU
	EndGlobalSection
	GlobalSection(ProjectConfigurationPlatforms) = postSolution
		{6B52246F-DB3D-448F-AC3E-44B33A75D100}.Debug|Any CPU.ActiveCfg = Debug|Any CPU
		{6B52246F-DB3D-448F-AC3E-44B33A75D100}.Debug|Any CPU.Build.0 = Debug|Any CPU
		{6B52246F-DB3D-448F-AC3E-44B33A75D100}.Release|Any CPU.ActiveCfg = Release|Any CPU
		{6B52246F-DB3D-448F-AC3E-44B33A75D100}.Release|Any CPU.Build.0 = Release|Any CPU
		{5133EF55-820C-4EA5-8D76-FA6985780B9E}.Debug|Any CPU.ActiveCfg = Debug|Any CPU
		{5133EF55-820C-4EA5-8D76-FA6985780B9E}.Debug|Any CPU.Build.0 = Debug|Any CPU
		{5133EF55-820C-4EA5-8D76-FA6985780B9E}.Release|Any CPU.ActiveCfg = Release|Any CPU
		{5133EF55-820C-4EA5-8D76-FA6985780B9E}.Release|Any CPU.Build.0 = Release|Any CPU
		{EC144803-BCBC-41F5-8E54-446111B8C95E}.Debug|Any CPU.ActiveCfg = Debug|Any CPU
		{EC144803-BCBC-41F5-8E54-446111B8C95E}.Debug|Any CPU.Build.0 = Debug|Any CPU
		{EC144803-BCBC-41F5-8E54-446111B8C95E}.Release|Any CPU.ActiveCfg = Release|Any CPU
		{EC144803-BCBC-41F5-8E54-446111B8C95E}.Release|Any CPU.Build.0 = Release|Any CPU
		{D8166938-6C68-4AF9-9333-4341ACACCFAB}.Debug|Any CPU.ActiveCfg = Debug|Any CPU
		{D8166938-6C68-4AF9-9333-4341ACACCFAB}.Debug|Any CPU.Build.0 = Debug|Any CPU
		{D8166938-6C68-4AF9-9333-4341ACACCFAB}.Release|Any CPU.ActiveCfg = Release|Any CPU
		{D8166938-6C68-4AF9-9333-4341ACACCFAB}.Release|Any CPU.Build.0 = Release|Any CPU
		{B17F2157-871E-4101-A249-8E3828E46F37}.Debug|Any CPU.ActiveCfg = Debug|Any CPU
		{B17F2157-871E-4101-A249-8E3828E46F37}.Debug|Any CPU.Build.0 = Debug|Any CPU
		{B17F2157-871E-4101-A249-8E3828E46F37}.Release|Any CPU.ActiveCfg = Release|Any CPU
		{B17F2157-871E-4101-A249-8E3828E46F37}.Release|Any CPU.Build.0 = Release|Any CPU
		{B26E9102-1A49-4B56-96E7-36D312B42B7E}.Debug|Any CPU.ActiveCfg = Debug|Any CPU
		{B26E9102-1A49-4B56-96E7-36D312B42B7E}.Debug|Any CPU.Build.0 = Debug|Any CPU
		{B26E9102-1A49-4B56-96E7-36D312B42B7E}.Release|Any CPU.ActiveCfg = Release|Any CPU
		{B26E9102-1A49-4B56-96E7-36D312B42B7E}.Release|Any CPU.Build.0 = Release|Any CPU
		{5E702BE3-371D-4A14-B546-79C9CA08A7FB}.Debug|Any CPU.ActiveCfg = Debug|Any CPU
		{5E702BE3-371D-4A14-B546-79C9CA08A7FB}.Debug|Any CPU.Build.0 = Debug|Any CPU
		{5E702BE3-371D-4A14-B546-79C9CA08A7FB}.Release|Any CPU.ActiveCfg = Release|Any CPU
		{5E702BE3-371D-4A14-B546-79C9CA08A7FB}.Release|Any CPU.Build.0 = Release|Any CPU
		{6EA6EA3A-6BE7-4870-89DE-7866AD990BF7}.Debug|Any CPU.ActiveCfg = Debug|Any CPU
		{6EA6EA3A-6BE7-4870-89DE-7866AD990BF7}.Debug|Any CPU.Build.0 = Debug|Any CPU
		{6EA6EA3A-6BE7-4870-89DE-7866AD990BF7}.Release|Any CPU.ActiveCfg = Release|Any CPU
		{6EA6EA3A-6BE7-4870-89DE-7866AD990BF7}.Release|Any CPU.Build.0 = Release|Any CPU
		{AA6D36CA-8259-460D-B7BC-61C601223FF3}.Debug|Any CPU.ActiveCfg = Debug|Any CPU
		{AA6D36CA-8259-460D-B7BC-61C601223FF3}.Debug|Any CPU.Build.0 = Debug|Any CPU
		{AA6D36CA-8259-460D-B7BC-61C601223FF3}.Release|Any CPU.ActiveCfg = Release|Any CPU
		{AA6D36CA-8259-460D-B7BC-61C601223FF3}.Release|Any CPU.Build.0 = Release|Any CPU
		{E792335C-6CE8-41A5-AB06-5F5B81A6063B}.Debug|Any CPU.ActiveCfg = Debug|Any CPU
		{E792335C-6CE8-41A5-AB06-5F5B81A6063B}.Debug|Any CPU.Build.0 = Debug|Any CPU
		{E792335C-6CE8-41A5-AB06-5F5B81A6063B}.Release|Any CPU.ActiveCfg = Release|Any CPU
		{E792335C-6CE8-41A5-AB06-5F5B81A6063B}.Release|Any CPU.Build.0 = Release|Any CPU
		{CC317381-75F6-42F6-9FA5-D11559E1F5D0}.Debug|Any CPU.ActiveCfg = Debug|Any CPU
		{CC317381-75F6-42F6-9FA5-D11559E1F5D0}.Debug|Any CPU.Build.0 = Debug|Any CPU
		{CC317381-75F6-42F6-9FA5-D11559E1F5D0}.Release|Any CPU.ActiveCfg = Release|Any CPU
		{CC317381-75F6-42F6-9FA5-D11559E1F5D0}.Release|Any CPU.Build.0 = Release|Any CPU
		{478C95A9-BE64-4436-8EA3-C5DFC82F5378}.Debug|Any CPU.ActiveCfg = Debug|Any CPU
		{478C95A9-BE64-4436-8EA3-C5DFC82F5378}.Debug|Any CPU.Build.0 = Debug|Any CPU
		{478C95A9-BE64-4436-8EA3-C5DFC82F5378}.Release|Any CPU.ActiveCfg = Release|Any CPU
		{478C95A9-BE64-4436-8EA3-C5DFC82F5378}.Release|Any CPU.Build.0 = Release|Any CPU
		{A1D7ADD3-DB2E-4DCE-822C-F74FCC0774F9}.Debug|Any CPU.ActiveCfg = Debug|Any CPU
		{A1D7ADD3-DB2E-4DCE-822C-F74FCC0774F9}.Debug|Any CPU.Build.0 = Debug|Any CPU
		{A1D7ADD3-DB2E-4DCE-822C-F74FCC0774F9}.Release|Any CPU.ActiveCfg = Release|Any CPU
		{A1D7ADD3-DB2E-4DCE-822C-F74FCC0774F9}.Release|Any CPU.Build.0 = Release|Any CPU
		{D603721E-680D-429D-8669-1CFDF4400650}.Debug|Any CPU.ActiveCfg = Debug|Any CPU
		{D603721E-680D-429D-8669-1CFDF4400650}.Debug|Any CPU.Build.0 = Debug|Any CPU
		{D603721E-680D-429D-8669-1CFDF4400650}.Release|Any CPU.ActiveCfg = Release|Any CPU
		{D603721E-680D-429D-8669-1CFDF4400650}.Release|Any CPU.Build.0 = Release|Any CPU
		{5C63CCDB-7F02-4053-B1B4-EF870DF640C0}.Debug|Any CPU.ActiveCfg = Debug|Any CPU
		{5C63CCDB-7F02-4053-B1B4-EF870DF640C0}.Debug|Any CPU.Build.0 = Debug|Any CPU
		{5C63CCDB-7F02-4053-B1B4-EF870DF640C0}.Release|Any CPU.ActiveCfg = Release|Any CPU
		{5C63CCDB-7F02-4053-B1B4-EF870DF640C0}.Release|Any CPU.Build.0 = Release|Any CPU
		{FDDCCEF9-E1A4-4678-BB8E-ACCB752D6342}.Debug|Any CPU.ActiveCfg = Debug|Any CPU
		{FDDCCEF9-E1A4-4678-BB8E-ACCB752D6342}.Debug|Any CPU.Build.0 = Debug|Any CPU
		{FDDCCEF9-E1A4-4678-BB8E-ACCB752D6342}.Release|Any CPU.ActiveCfg = Release|Any CPU
		{FDDCCEF9-E1A4-4678-BB8E-ACCB752D6342}.Release|Any CPU.Build.0 = Release|Any CPU
		{9ECC64C0-6328-432B-A9C8-F609EB98EB3C}.Debug|Any CPU.ActiveCfg = Debug|Any CPU
		{9ECC64C0-6328-432B-A9C8-F609EB98EB3C}.Debug|Any CPU.Build.0 = Debug|Any CPU
		{9ECC64C0-6328-432B-A9C8-F609EB98EB3C}.Release|Any CPU.ActiveCfg = Release|Any CPU
		{9ECC64C0-6328-432B-A9C8-F609EB98EB3C}.Release|Any CPU.Build.0 = Release|Any CPU
		{F9669CB0-4CC8-4384-ABFB-563818DD2F97}.Debug|Any CPU.ActiveCfg = Debug|Any CPU
		{F9669CB0-4CC8-4384-ABFB-563818DD2F97}.Debug|Any CPU.Build.0 = Debug|Any CPU
		{F9669CB0-4CC8-4384-ABFB-563818DD2F97}.Release|Any CPU.ActiveCfg = Release|Any CPU
		{F9669CB0-4CC8-4384-ABFB-563818DD2F97}.Release|Any CPU.Build.0 = Release|Any CPU
		{16230604-C88F-4EB8-85C6-F074CFC8934B}.Debug|Any CPU.ActiveCfg = Debug|Any CPU
		{16230604-C88F-4EB8-85C6-F074CFC8934B}.Debug|Any CPU.Build.0 = Debug|Any CPU
		{16230604-C88F-4EB8-85C6-F074CFC8934B}.Release|Any CPU.ActiveCfg = Release|Any CPU
		{16230604-C88F-4EB8-85C6-F074CFC8934B}.Release|Any CPU.Build.0 = Release|Any CPU
		{43A52D7C-86DA-4EA5-A891-45DFBAE70E8B}.Debug|Any CPU.ActiveCfg = Debug|Any CPU
		{43A52D7C-86DA-4EA5-A891-45DFBAE70E8B}.Debug|Any CPU.Build.0 = Debug|Any CPU
		{43A52D7C-86DA-4EA5-A891-45DFBAE70E8B}.Release|Any CPU.ActiveCfg = Release|Any CPU
		{43A52D7C-86DA-4EA5-A891-45DFBAE70E8B}.Release|Any CPU.Build.0 = Release|Any CPU
		{02AFA35F-D4B7-4979-987A-BB8B1B86292D}.Debug|Any CPU.ActiveCfg = Debug|Any CPU
		{02AFA35F-D4B7-4979-987A-BB8B1B86292D}.Debug|Any CPU.Build.0 = Debug|Any CPU
		{02AFA35F-D4B7-4979-987A-BB8B1B86292D}.Release|Any CPU.ActiveCfg = Release|Any CPU
		{02AFA35F-D4B7-4979-987A-BB8B1B86292D}.Release|Any CPU.Build.0 = Release|Any CPU
		{FBD31E02-9C1C-41E0-8DC7-720A3AF36FEE}.Debug|Any CPU.ActiveCfg = Debug|Any CPU
		{FBD31E02-9C1C-41E0-8DC7-720A3AF36FEE}.Debug|Any CPU.Build.0 = Debug|Any CPU
		{FBD31E02-9C1C-41E0-8DC7-720A3AF36FEE}.Release|Any CPU.ActiveCfg = Release|Any CPU
		{FBD31E02-9C1C-41E0-8DC7-720A3AF36FEE}.Release|Any CPU.Build.0 = Release|Any CPU
	EndGlobalSection
	GlobalSection(SolutionProperties) = preSolution
		HideSolutionNode = FALSE
	EndGlobalSection
	GlobalSection(NestedProjects) = preSolution
		{A0B6F6EB-7C33-4958-AAA7-BF3E0149328C} = {CFF0A7FD-6551-423D-A26A-F6F327CAB0B5}
		{20CD2907-6504-4420-AFFB-A0EC8542EC4A} = {CFF0A7FD-6551-423D-A26A-F6F327CAB0B5}
		{CFF9B1B0-80CC-4D41-9E5A-2D5817362092} = {CFF0A7FD-6551-423D-A26A-F6F327CAB0B5}
		{6AD457F8-DAA0-4840-BD07-AA179F36A62E} = {CFF0A7FD-6551-423D-A26A-F6F327CAB0B5}
		{69C956A6-4A09-4F6B-B395-51931A90BF08} = {18ED4093-2C62-4AAF-A7D5-721A8F4AD7E4}
		{D8166938-6C68-4AF9-9333-4341ACACCFAB} = {69C956A6-4A09-4F6B-B395-51931A90BF08}
		{B17F2157-871E-4101-A249-8E3828E46F37} = {69C956A6-4A09-4F6B-B395-51931A90BF08}
		{27009C0C-0900-4532-9D18-36B6448A4C46} = {18ED4093-2C62-4AAF-A7D5-721A8F4AD7E4}
		{B26E9102-1A49-4B56-96E7-36D312B42B7E} = {27009C0C-0900-4532-9D18-36B6448A4C46}
		{5E702BE3-371D-4A14-B546-79C9CA08A7FB} = {A0B6F6EB-7C33-4958-AAA7-BF3E0149328C}
		{6EA6EA3A-6BE7-4870-89DE-7866AD990BF7} = {A0B6F6EB-7C33-4958-AAA7-BF3E0149328C}
		{AA6D36CA-8259-460D-B7BC-61C601223FF3} = {20CD2907-6504-4420-AFFB-A0EC8542EC4A}
		{E792335C-6CE8-41A5-AB06-5F5B81A6063B} = {CFF9B1B0-80CC-4D41-9E5A-2D5817362092}
		{CC317381-75F6-42F6-9FA5-D11559E1F5D0} = {6AD457F8-DAA0-4840-BD07-AA179F36A62E}
		{C95BA8E8-8EE6-4A2A-AAB7-57EAE72241D3} = {18ED4093-2C62-4AAF-A7D5-721A8F4AD7E4}
		{478C95A9-BE64-4436-8EA3-C5DFC82F5378} = {C95BA8E8-8EE6-4A2A-AAB7-57EAE72241D3}
		{29A4E057-7CBB-442F-8E5E-B40DD7204B30} = {18ED4093-2C62-4AAF-A7D5-721A8F4AD7E4}
		{A1D7ADD3-DB2E-4DCE-822C-F74FCC0774F9} = {29A4E057-7CBB-442F-8E5E-B40DD7204B30}
		{FA1D98CA-8647-400A-A244-21060CC103F1} = {17B46DA0-3588-4878-98A3-3D84E2C25C65}
		{D603721E-680D-429D-8669-1CFDF4400650} = {FA1D98CA-8647-400A-A244-21060CC103F1}
		{6E10D5E1-B63E-4028-8E40-3E1FADC0FAF9} = {17B46DA0-3588-4878-98A3-3D84E2C25C65}
		{5C63CCDB-7F02-4053-B1B4-EF870DF640C0} = {6E10D5E1-B63E-4028-8E40-3E1FADC0FAF9}
		{D1F6B6AB-AE55-4EDF-B3A7-3DBC5011088A} = {17B46DA0-3588-4878-98A3-3D84E2C25C65}
		{FDDCCEF9-E1A4-4678-BB8E-ACCB752D6342} = {D1F6B6AB-AE55-4EDF-B3A7-3DBC5011088A}
		{9ECC64C0-6328-432B-A9C8-F609EB98EB3C} = {C9F70178-8146-4F5F-B37C-D5D6023660EE}
		{DF338E75-614B-408E-B957-A3E9773DE8E1} = {3E3F0CE8-CF28-43EB-8A2B-750CFE0A8E9A}
		{16230604-C88F-4EB8-85C6-F074CFC8934B} = {DF338E75-614B-408E-B957-A3E9773DE8E1}
		{B9C7BD04-DAF9-40CF-AECB-FDE11E5362A4} = {3E3F0CE8-CF28-43EB-8A2B-750CFE0A8E9A}
		{43A52D7C-86DA-4EA5-A891-45DFBAE70E8B} = {B9C7BD04-DAF9-40CF-AECB-FDE11E5362A4}
		{46EA34D2-E0AA-4921-A2F9-BDED5613E5DE} = {097D3B7B-385E-49D6-B053-5B059E962B23}
		{1EF61E10-88C4-4E29-92D6-5E127D735ED2} = {097D3B7B-385E-49D6-B053-5B059E962B23}
		{02AFA35F-D4B7-4979-987A-BB8B1B86292D} = {1EF61E10-88C4-4E29-92D6-5E127D735ED2}
		{FBD31E02-9C1C-41E0-8DC7-720A3AF36FEE} = {1EF61E10-88C4-4E29-92D6-5E127D735ED2}
	EndGlobalSection
	GlobalSection(ExtensibilityGlobals) = postSolution
		SolutionGuid = {CEA13CEF-01B8-430D-8D42-3A33290D8068}
	EndGlobalSection
EndGlobal
